
Microsoft Visual Studio Solution File, Format Version 12.00
# Visual Studio 15
VisualStudioVersion = 15.0.26124.0
MinimumVisualStudioVersion = 15.0.26124.0
Project("{FAE04EC0-301F-11D3-BF4B-00C04F79EFBC}") = "API", "API\API.csproj", "{ADB3327B-64B7-422C-808F-8B043EB8215F}"
EndProject
Project("{FAE04EC0-301F-11D3-BF4B-00C04F79EFBC}") = "Application", "Application\Application.csproj", "{BD5A9DB4-D372-4A3E-8466-802E0615C098}"
EndProject
Project("{FAE04EC0-301F-11D3-BF4B-00C04F79EFBC}") = "Domain", "Domain\Domain.csproj", "{4F28F785-725F-49D1-9275-DADFE2E57DD8}"
EndProject
Project("{FAE04EC0-301F-11D3-BF4B-00C04F79EFBC}") = "Persistence", "Persistence\Persistence.csproj", "{508DC080-10AA-4557-A066-6C4A7C03D1C1}"
EndProject
Global
	GlobalSection(SolutionConfigurationPlatforms) = preSolution
		Debug|Any CPU = Debug|Any CPU
		Debug|x64 = Debug|x64
		Debug|x86 = Debug|x86
		Release|Any CPU = Release|Any CPU
		Release|x64 = Release|x64
		Release|x86 = Release|x86
	EndGlobalSection
	GlobalSection(SolutionProperties) = preSolution
		HideSolutionNode = FALSE
	EndGlobalSection
	GlobalSection(ProjectConfigurationPlatforms) = postSolution
		{ADB3327B-64B7-422C-808F-8B043EB8215F}.Debug|Any CPU.ActiveCfg = Debug|Any CPU
		{ADB3327B-64B7-422C-808F-8B043EB8215F}.Debug|Any CPU.Build.0 = Debug|Any CPU
		{ADB3327B-64B7-422C-808F-8B043EB8215F}.Debug|x64.ActiveCfg = Debug|Any CPU
		{ADB3327B-64B7-422C-808F-8B043EB8215F}.Debug|x64.Build.0 = Debug|Any CPU
		{ADB3327B-64B7-422C-808F-8B043EB8215F}.Debug|x86.ActiveCfg = Debug|Any CPU
		{ADB3327B-64B7-422C-808F-8B043EB8215F}.Debug|x86.Build.0 = Debug|Any CPU
		{ADB3327B-64B7-422C-808F-8B043EB8215F}.Release|Any CPU.ActiveCfg = Release|Any CPU
		{ADB3327B-64B7-422C-808F-8B043EB8215F}.Release|Any CPU.Build.0 = Release|Any CPU
		{ADB3327B-64B7-422C-808F-8B043EB8215F}.Release|x64.ActiveCfg = Release|Any CPU
		{ADB3327B-64B7-422C-808F-8B043EB8215F}.Release|x64.Build.0 = Release|Any CPU
		{ADB3327B-64B7-422C-808F-8B043EB8215F}.Release|x86.ActiveCfg = Release|Any CPU
		{ADB3327B-64B7-422C-808F-8B043EB8215F}.Release|x86.Build.0 = Release|Any CPU
		{BD5A9DB4-D372-4A3E-8466-802E0615C098}.Debug|Any CPU.ActiveCfg = Debug|Any CPU
		{BD5A9DB4-D372-4A3E-8466-802E0615C098}.Debug|Any CPU.Build.0 = Debug|Any CPU
		{BD5A9DB4-D372-4A3E-8466-802E0615C098}.Debug|x64.ActiveCfg = Debug|Any CPU
		{BD5A9DB4-D372-4A3E-8466-802E0615C098}.Debug|x64.Build.0 = Debug|Any CPU
		{BD5A9DB4-D372-4A3E-8466-802E0615C098}.Debug|x86.ActiveCfg = Debug|Any CPU
		{BD5A9DB4-D372-4A3E-8466-802E0615C098}.Debug|x86.Build.0 = Debug|Any CPU
		{BD5A9DB4-D372-4A3E-8466-802E0615C098}.Release|Any CPU.ActiveCfg = Release|Any CPU
		{BD5A9DB4-D372-4A3E-8466-802E0615C098}.Release|Any CPU.Build.0 = Release|Any CPU
		{BD5A9DB4-D372-4A3E-8466-802E0615C098}.Release|x64.ActiveCfg = Release|Any CPU
		{BD5A9DB4-D372-4A3E-8466-802E0615C098}.Release|x64.Build.0 = Release|Any CPU
		{BD5A9DB4-D372-4A3E-8466-802E0615C098}.Release|x86.ActiveCfg = Release|Any CPU
		{BD5A9DB4-D372-4A3E-8466-802E0615C098}.Release|x86.Build.0 = Release|Any CPU
		{4F28F785-725F-49D1-9275-DADFE2E57DD8}.Debug|Any CPU.ActiveCfg = Debug|Any CPU
		{4F28F785-725F-49D1-9275-DADFE2E57DD8}.Debug|Any CPU.Build.0 = Debug|Any CPU
		{4F28F785-725F-49D1-9275-DADFE2E57DD8}.Debug|x64.ActiveCfg = Debug|Any CPU
		{4F28F785-725F-49D1-9275-DADFE2E57DD8}.Debug|x64.Build.0 = Debug|Any CPU
		{4F28F785-725F-49D1-9275-DADFE2E57DD8}.Debug|x86.ActiveCfg = Debug|Any CPU
		{4F28F785-725F-49D1-9275-DADFE2E57DD8}.Debug|x86.Build.0 = Debug|Any CPU
		{4F28F785-725F-49D1-9275-DADFE2E57DD8}.Release|Any CPU.ActiveCfg = Release|Any CPU
		{4F28F785-725F-49D1-9275-DADFE2E57DD8}.Release|Any CPU.Build.0 = Release|Any CPU
		{4F28F785-725F-49D1-9275-DADFE2E57DD8}.Release|x64.ActiveCfg = Release|Any CPU
		{4F28F785-725F-49D1-9275-DADFE2E57DD8}.Release|x64.Build.0 = Release|Any CPU
		{4F28F785-725F-49D1-9275-DADFE2E57DD8}.Release|x86.ActiveCfg = Release|Any CPU
		{4F28F785-725F-49D1-9275-DADFE2E57DD8}.Release|x86.Build.0 = Release|Any CPU
		{508DC080-10AA-4557-A066-6C4A7C03D1C1}.Debug|Any CPU.ActiveCfg = Debug|Any CPU
		{508DC080-10AA-4557-A066-6C4A7C03D1C1}.Debug|Any CPU.Build.0 = Debug|Any CPU
		{508DC080-10AA-4557-A066-6C4A7C03D1C1}.Debug|x64.ActiveCfg = Debug|Any CPU
		{508DC080-10AA-4557-A066-6C4A7C03D1C1}.Debug|x64.Build.0 = Debug|Any CPU
		{508DC080-10AA-4557-A066-6C4A7C03D1C1}.Debug|x86.ActiveCfg = Debug|Any CPU
		{508DC080-10AA-4557-A066-6C4A7C03D1C1}.Debug|x86.Build.0 = Debug|Any CPU
		{508DC080-10AA-4557-A066-6C4A7C03D1C1}.Release|Any CPU.ActiveCfg = Release|Any CPU
		{508DC080-10AA-4557-A066-6C4A7C03D1C1}.Release|Any CPU.Build.0 = Release|Any CPU
		{508DC080-10AA-4557-A066-6C4A7C03D1C1}.Release|x64.ActiveCfg = Release|Any CPU
		{508DC080-10AA-4557-A066-6C4A7C03D1C1}.Release|x64.Build.0 = Release|Any CPU
		{508DC080-10AA-4557-A066-6C4A7C03D1C1}.Release|x86.ActiveCfg = Release|Any CPU
		{508DC080-10AA-4557-A066-6C4A7C03D1C1}.Release|x86.Build.0 = Release|Any CPU
	EndGlobalSection
EndGlobal
